Microsoft Visual Studio Solution File, Format Version 12.00
# Visual Studio 15
VisualStudioVersion = 15.0.27703.2042
MinimumVisualStudioVersion = 10.0.40219.1
Project("{FAE04EC0-301F-11D3-BF4B-00C04F79EFBC}") = "GameServer", "GameServer\GameServer.csproj", "{F907EE8F-ADE1-466A-9A15-F550B9237A10}"
EndProject
Project("{FAE04EC0-301F-11D3-BF4B-00C04F79EFBC}") = "GameServer.Test", "GamerServer.Test\GameServer.Test.csproj", "{41C4AF88-2456-4F89-B62C-72DA00D80BA1}"
EndProject
Global
	GlobalSection(SolutionConfigurationPlatforms) = preSolution
		Debug|Any CPU = Debug|Any CPU
		Release|Any CPU = Release|Any CPU
	EndGlobalSection
	GlobalSection(ProjectConfigurationPlatforms) = postSolution
		{F907EE8F-ADE1-466A-9A15-F550B9237A10}.Debug|Any CPU.ActiveCfg = Debug|Any CPU
		{F907EE8F-ADE1-466A-9A15-F550B9237A10}.Debug|Any CPU.Build.0 = Debug|Any CPU
		{F907EE8F-ADE1-466A-9A15-F550B9237A10}.Release|Any CPU.ActiveCfg = Release|Any CPU
		{F907EE8F-ADE1-466A-9A15-F550B9237A10}.Release|Any CPU.Build.0 = Release|Any CPU
		{41C4AF88-2456-4F89-B62C-72DA00D80BA1}.Debug|Any CPU.ActiveCfg = Debug|Any CPU
		{41C4AF88-2456-4F89-B62C-72DA00D80BA1}.Debug|Any CPU.Build.0 = Debug|Any CPU
		{41C4AF88-2456-4F89-B62C-72DA00D80BA1}.Release|Any CPU.ActiveCfg = Release|Any CPU
		{41C4AF88-2456-4F89-B62C-72DA00D80BA1}.Release|Any CPU.Build.0 = Release|Any CPU
	EndGlobalSection
	GlobalSection(SolutionProperties) = preSolution
		HideSolutionNode = FALSE
	EndGlobalSection
	GlobalSection(ExtensibilityGlobals) = postSolution
		SolutionGuid = {020C5801-E792-4451-9AD6-4691B46E9A53}
	EndGlobalSection
EndGlobal
